
Microsoft Visual Studio Solution File, Format Version 12.00
# Visual Studio Version 16
VisualStudioVersion = 16.0.30114.105
MinimumVisualStudioVersion = 10.0.40219.1
Project("{2150E333-8FDC-42A3-9474-1A3956D46DE8}") = "src", "src", "{6B20F429-7C32-4AFE-88D5-9408CAC86D6A}"
EndProject
Project("{FAE04EC0-301F-11D3-BF4B-00C04F79EFBC}") = "SimpleApi", "src\SimpleApi\SimpleApi.csproj", "{CC8DFD3D-22FC-4FBB-BA77-45DA2A7296FE}"
EndProject
Project("{2150E333-8FDC-42A3-9474-1A3956D46DE8}") = "test", "test", "{99292897-9A8B-423D-9459-B4DBD791FCE8}"
EndProject
Project("{FAE04EC0-301F-11D3-BF4B-00C04F79EFBC}") = "SimpleApi.Test", "test\SimpleApi.Test\SimpleApi.Test.csproj", "{2CE94CD2-F1F0-43EF-A8C4-9F91450B64A5}"
EndProject
Global
	GlobalSection(SolutionConfigurationPlatforms) = preSolution
		Debug|Any CPU = Debug|Any CPU
		Debug|x64 = Debug|x64
		Debug|x86 = Debug|x86
		Release|Any CPU = Release|Any CPU
		Release|x64 = Release|x64
		Release|x86 = Release|x86
	EndGlobalSection
	GlobalSection(SolutionProperties) = preSolution
		HideSolutionNode = FALSE
	EndGlobalSection
	GlobalSection(ProjectConfigurationPlatforms) = postSolution
		{CC8DFD3D-22FC-4FBB-BA77-45DA2A7296FE}.Debug|Any CPU.ActiveCfg = Debug|Any CPU
		{CC8DFD3D-22FC-4FBB-BA77-45DA2A7296FE}.Debug|Any CPU.Build.0 = Debug|Any CPU
		{CC8DFD3D-22FC-4FBB-BA77-45DA2A7296FE}.Debug|x64.ActiveCfg = Debug|Any CPU
		{CC8DFD3D-22FC-4FBB-BA77-45DA2A7296FE}.Debug|x64.Build.0 = Debug|Any CPU
		{CC8DFD3D-22FC-4FBB-BA77-45DA2A7296FE}.Debug|x86.ActiveCfg = Debug|Any CPU
		{CC8DFD3D-22FC-4FBB-BA77-45DA2A7296FE}.Debug|x86.Build.0 = Debug|Any CPU
		{CC8DFD3D-22FC-4FBB-BA77-45DA2A7296FE}.Release|Any CPU.ActiveCfg = Release|Any CPU
		{CC8DFD3D-22FC-4FBB-BA77-45DA2A7296FE}.Release|Any CPU.Build.0 = Release|Any CPU
		{CC8DFD3D-22FC-4FBB-BA77-45DA2A7296FE}.Release|x64.ActiveCfg = Release|Any CPU
		{CC8DFD3D-22FC-4FBB-BA77-45DA2A7296FE}.Release|x64.Build.0 = Release|Any CPU
		{CC8DFD3D-22FC-4FBB-BA77-45DA2A7296FE}.Release|x86.ActiveCfg = Release|Any CPU
		{CC8DFD3D-22FC-4FBB-BA77-45DA2A7296FE}.Release|x86.Build.0 = Release|Any CPU
		{2CE94CD2-F1F0-43EF-A8C4-9F91450B64A5}.Debug|Any CPU.ActiveCfg = Debug|Any CPU
		{2CE94CD2-F1F0-43EF-A8C4-9F91450B64A5}.Debug|Any CPU.Build.0 = Debug|Any CPU
		{2CE94CD2-F1F0-43EF-A8C4-9F91450B64A5}.Debug|x64.ActiveCfg = Debug|Any CPU
		{2CE94CD2-F1F0-43EF-A8C4-9F91450B64A5}.Debug|x64.Build.0 = Debug|Any CPU
		{2CE94CD2-F1F0-43EF-A8C4-9F91450B64A5}.Debug|x86.ActiveCfg = Debug|Any CPU
		{2CE94CD2-F1F0-43EF-A8C4-9F91450B64A5}.Debug|x86.Build.0 = Debug|Any CPU
		{2CE94CD2-F1F0-43EF-A8C4-9F91450B64A5}.Release|Any CPU.ActiveCfg = Release|Any CPU
		{2CE94CD2-F1F0-43EF-A8C4-9F91450B64A5}.Release|Any CPU.Build.0 = Release|Any CPU
		{2CE94CD2-F1F0-43EF-A8C4-9F91450B64A5}.Release|x64.ActiveCfg = Release|Any CPU
		{2CE94CD2-F1F0-43EF-A8C4-9F91450B64A5}.Release|x64.Build.0 = Release|Any CPU
		{2CE94CD2-F1F0-43EF-A8C4-9F91450B64A5}.Release|x86.ActiveCfg = Release|Any CPU
		{2CE94CD2-F1F0-43EF-A8C4-9F91450B64A5}.Release|x86.Build.0 = Release|Any CPU
	EndGlobalSection
	GlobalSection(NestedProjects) = preSolution
		{CC8DFD3D-22FC-4FBB-BA77-45DA2A7296FE} = {6B20F429-7C32-4AFE-88D5-9408CAC86D6A}
		{2CE94CD2-F1F0-43EF-A8C4-9F91450B64A5} = {99292897-9A8B-423D-9459-B4DBD791FCE8}
	EndGlobalSection
EndGlobal
